
Microsoft Visual Studio Solution File, Format Version 10.00
# Visual Studio 2008
Project("{FAE04EC0-301F-11D3-BF4B-00C04F79EFBC}") = "Tomboy-mac", "Tomboy-mac.csproj", "{315DBB30-1461-4A41-A23F-A888D84E1EA0}"
EndProject
Project("{FAE04EC0-301F-11D3-BF4B-00C04F79EFBC}") = "FixedWidth-mac", "Tomboy\Addins\FixedWidth\FixedWidth-mac.csproj", "{30A75F9A-7305-465E-8754-334345424569}"
EndProject
Project("{FAE04EC0-301F-11D3-BF4B-00C04F79EFBC}") = "Backlinks-mac", "Tomboy\Addins\Backlinks\Backlinks-mac.csproj", "{3D330B80-87BA-435E-B3B8-E3C796FB155C}"
EndProject
Project("{FAE04EC0-301F-11D3-BF4B-00C04F79EFBC}") = "Bugzilla-mac", "Tomboy\Addins\Bugzilla\Bugzilla-mac.csproj", "{8543F6E2-9B1C-4BFF-B2CC-DD0198E921CC}"
EndProject
Project("{FAE04EC0-301F-11D3-BF4B-00C04F79EFBC}") = "ExportToHtml-mac", "Tomboy\Addins\ExportToHtml\ExportToHtml-mac.csproj", "{88AB220D-4FB4-4875-8865-25CB6DF55EF8}"
EndProject
Project("{FAE04EC0-301F-11D3-BF4B-00C04F79EFBC}") = "FileSystemSyncService-mac", "Tomboy\Addins\FileSystemSyncService\FileSystemSyncService-mac.csproj", "{31C73629-6979-41ED-8278-A291CB12DADF}"
EndProject
Project("{FAE04EC0-301F-11D3-BF4B-00C04F79EFBC}") = "InsertTimestamp-mac", "Tomboy\Addins\InsertTimestamp\InsertTimestamp-mac.csproj", "{F2F2E123-EA8C-4753-9383-4C86B152F4FE}"
EndProject
Project("{FAE04EC0-301F-11D3-BF4B-00C04F79EFBC}") = "NoteDirectoryWatcher-mac", "Tomboy\Addins\NoteDirectoryWatcher\NoteDirectoryWatcher-mac.csproj", "{35BB5AA8-3984-11DE-922F-8ACA55D89593}"
EndProject
Project("{FAE04EC0-301F-11D3-BF4B-00C04F79EFBC}") = "NoteOfTheDay-mac", "Tomboy\Addins\NoteOfTheDay\NoteOfTheDay-mac.csproj", "{33026B26-C907-4DBB-A438-85F042578AEA}"
EndProject
Project("{FAE04EC0-301F-11D3-BF4B-00C04F79EFBC}") = "PrintNotes-mac", "Tomboy\Addins\PrintNotes\PrintNotes-mac.csproj", "{A13FBE2F-C5FF-4E8D-B687-4A309D3FE08A}"
EndProject
Project("{FAE04EC0-301F-11D3-BF4B-00C04F79EFBC}") = "Underline-mac", "Tomboy\Addins\Underline\Underline-mac.csproj", "{15A0F2C4-9BAD-11DE-B022-C19356D89593}"
EndProject
Project("{FAE04EC0-301F-11D3-BF4B-00C04F79EFBC}") = "WebSyncService-mac", "Tomboy\Addins\WebSyncService\WebSyncService-mac.csproj", "{ACD1BF72-4962-11DE-8485-01BF55D89593}"
EndProject
Global
	GlobalSection(SolutionConfigurationPlatforms) = preSolution
		Debug|Any CPU = Debug|Any CPU
		Release|Any CPU = Release|Any CPU
	EndGlobalSection
	GlobalSection(ProjectConfigurationPlatforms) = postSolution
		{30A75F9A-7305-465E-8754-334345424569}.Debug|Any CPU.ActiveCfg = Debug|Any CPU
		{30A75F9A-7305-465E-8754-334345424569}.Debug|Any CPU.Build.0 = Debug|Any CPU
		{30A75F9A-7305-465E-8754-334345424569}.Release|Any CPU.ActiveCfg = Release|Any CPU
		{30A75F9A-7305-465E-8754-334345424569}.Release|Any CPU.Build.0 = Release|Any CPU
		{315DBB30-1461-4A41-A23F-A888D84E1EA0}.Debug|Any CPU.ActiveCfg = Debug|Any CPU
		{315DBB30-1461-4A41-A23F-A888D84E1EA0}.Debug|Any CPU.Build.0 = Debug|Any CPU
		{315DBB30-1461-4A41-A23F-A888D84E1EA0}.Release|Any CPU.ActiveCfg = Release|Any CPU
		{315DBB30-1461-4A41-A23F-A888D84E1EA0}.Release|Any CPU.Build.0 = Release|Any CPU
		{31C73629-6979-41ED-8278-A291CB12DADF}.Debug|Any CPU.ActiveCfg = Debug|Any CPU
		{31C73629-6979-41ED-8278-A291CB12DADF}.Debug|Any CPU.Build.0 = Debug|Any CPU
		{31C73629-6979-41ED-8278-A291CB12DADF}.Release|Any CPU.ActiveCfg = Release|Any CPU
		{31C73629-6979-41ED-8278-A291CB12DADF}.Release|Any CPU.Build.0 = Release|Any CPU
		{33026B26-C907-4DBB-A438-85F042578AEA}.Debug|Any CPU.ActiveCfg = Debug|Any CPU
		{33026B26-C907-4DBB-A438-85F042578AEA}.Debug|Any CPU.Build.0 = Debug|Any CPU
		{33026B26-C907-4DBB-A438-85F042578AEA}.Release|Any CPU.ActiveCfg = Release|Any CPU
		{33026B26-C907-4DBB-A438-85F042578AEA}.Release|Any CPU.Build.0 = Release|Any CPU
		{3D330B80-87BA-435E-B3B8-E3C796FB155C}.Debug|Any CPU.ActiveCfg = Debug|Any CPU
		{3D330B80-87BA-435E-B3B8-E3C796FB155C}.Debug|Any CPU.Build.0 = Debug|Any CPU
		{3D330B80-87BA-435E-B3B8-E3C796FB155C}.Release|Any CPU.ActiveCfg = Release|Any CPU
		{3D330B80-87BA-435E-B3B8-E3C796FB155C}.Release|Any CPU.Build.0 = Release|Any CPU
		{8543F6E2-9B1C-4BFF-B2CC-DD0198E921CC}.Debug|Any CPU.ActiveCfg = Debug|Any CPU
		{8543F6E2-9B1C-4BFF-B2CC-DD0198E921CC}.Debug|Any CPU.Build.0 = Debug|Any CPU
		{8543F6E2-9B1C-4BFF-B2CC-DD0198E921CC}.Release|Any CPU.ActiveCfg = Release|Any CPU
		{8543F6E2-9B1C-4BFF-B2CC-DD0198E921CC}.Release|Any CPU.Build.0 = Release|Any CPU
		{88AB220D-4FB4-4875-8865-25CB6DF55EF8}.Debug|Any CPU.ActiveCfg = Debug|Any CPU
		{88AB220D-4FB4-4875-8865-25CB6DF55EF8}.Debug|Any CPU.Build.0 = Debug|Any CPU
		{88AB220D-4FB4-4875-8865-25CB6DF55EF8}.Release|Any CPU.ActiveCfg = Release|Any CPU
		{88AB220D-4FB4-4875-8865-25CB6DF55EF8}.Release|Any CPU.Build.0 = Release|Any CPU
		{F2F2E123-EA8C-4753-9383-4C86B152F4FE}.Debug|Any CPU.ActiveCfg = Debug|Any CPU
		{F2F2E123-EA8C-4753-9383-4C86B152F4FE}.Debug|Any CPU.Build.0 = Debug|Any CPU
		{F2F2E123-EA8C-4753-9383-4C86B152F4FE}.Release|Any CPU.ActiveCfg = Release|Any CPU
		{F2F2E123-EA8C-4753-9383-4C86B152F4FE}.Release|Any CPU.Build.0 = Release|Any CPU
		{35BB5AA8-3984-11DE-922F-8ACA55D89593}.Debug|Any CPU.ActiveCfg = Debug|Any CPU
		{35BB5AA8-3984-11DE-922F-8ACA55D89593}.Debug|Any CPU.Build.0 = Debug|Any CPU
		{35BB5AA8-3984-11DE-922F-8ACA55D89593}.Mac|Any CPU.ActiveCfg = Release|Any CPU
		{35BB5AA8-3984-11DE-922F-8ACA55D89593}.Release|Any CPU.ActiveCfg = Release|Any CPU
		{35BB5AA8-3984-11DE-922F-8ACA55D89593}.Release|Any CPU.Build.0 = Release|Any CPU
		{ACD1BF72-4962-11DE-8485-01BF55D89593}.Debug|Any CPU.ActiveCfg = Debug|Any CPU
		{ACD1BF72-4962-11DE-8485-01BF55D89593}.Debug|Any CPU.Build.0 = Debug|Any CPU
		{ACD1BF72-4962-11DE-8485-01BF55D89593}.Mac|Any CPU.ActiveCfg = Release|Any CPU
		{ACD1BF72-4962-11DE-8485-01BF55D89593}.Release|Any CPU.ActiveCfg = Release|Any CPU
		{ACD1BF72-4962-11DE-8485-01BF55D89593}.Release|Any CPU.Build.0 = Release|Any CPU
		{A13FBE2F-C5FF-4E8D-B687-4A309D3FE08A}.Debug|Any CPU.ActiveCfg = Debug|Any CPU
		{A13FBE2F-C5FF-4E8D-B687-4A309D3FE08A}.Debug|Any CPU.Build.0 = Debug|Any CPU
		{A13FBE2F-C5FF-4E8D-B687-4A309D3FE08A}.Mac|Any CPU.ActiveCfg = Release|Any CPU
		{A13FBE2F-C5FF-4E8D-B687-4A309D3FE08A}.Release|Any CPU.ActiveCfg = Release|Any CPU
		{A13FBE2F-C5FF-4E8D-B687-4A309D3FE08A}.Release|Any CPU.Build.0 = Release|Any CPU
		{15A0F2C4-9BAD-11DE-B022-C19356D89593}.Debug|Any CPU.ActiveCfg = Debug|Any CPU
		{15A0F2C4-9BAD-11DE-B022-C19356D89593}.Debug|Any CPU.Build.0 = Debug|Any CPU
		{15A0F2C4-9BAD-11DE-B022-C19356D89593}.Mac|Any CPU.ActiveCfg = Release|Any CPU
		{15A0F2C4-9BAD-11DE-B022-C19356D89593}.Release|Any CPU.ActiveCfg = Release|Any CPU
		{15A0F2C4-9BAD-11DE-B022-C19356D89593}.Release|Any CPU.Build.0 = Release|Any CPU
	EndGlobalSection
	GlobalSection(MonoDevelopProperties) = preSolution
		name = Tomboy-mac
		version = 0.13
		StartupItem = Tomboy-mac.csproj
		MakePkgConfig = False
		MakeLibPC = True
	EndGlobalSection
	GlobalSection(SolutionProperties) = preSolution
		HideSolutionNode = FALSE
	EndGlobalSection
EndGlobal
