
Microsoft Visual Studio Solution File, Format Version 10.00
# Visual Studio 2008
Project("{FAE04EC0-301F-11D3-BF4B-00C04F79EFBC}") = "Tomboy", "Tomboy.csproj", "{315DBB30-1461-4A41-A23F-A888D84E1EA0}"
EndProject
Global
	GlobalSection(SolutionConfigurationPlatforms) = preSolution
		Debug|Any CPU = Debug|Any CPU
		Release|Any CPU = Release|Any CPU
	EndGlobalSection
	GlobalSection(ProjectConfigurationPlatforms) = postSolution
		{315DBB30-1461-4A41-A23F-A888D84E1EA0}.Debug|Any CPU.ActiveCfg = Debug|Any CPU
		{315DBB30-1461-4A41-A23F-A888D84E1EA0}.Debug|Any CPU.Build.0 = Debug|Any CPU
		{315DBB30-1461-4A41-A23F-A888D84E1EA0}.Release|Any CPU.ActiveCfg = Release|Any CPU
		{315DBB30-1461-4A41-A23F-A888D84E1EA0}.Release|Any CPU.Build.0 = Release|Any CPU
	EndGlobalSection
	GlobalSection(SolutionProperties) = preSolution
		HideSolutionNode = FALSE
	EndGlobalSection
	GlobalSection(MonoDevelopProperties) = preSolution
		name = Tomboy
		StartupItem = Tomboy.csproj
		MakePkgConfig = False
		MakeLibPC = True
	EndGlobalSection
EndGlobal
