
Microsoft Visual Studio Solution File, Format Version 11.00
# Visual Studio 2010
Project("{FAE04EC0-301F-11D3-BF4B-00C04F79EFBC}") = "Tomboy", "Tomboy.csproj", "{315DBB30-1461-4A41-A23F-A888D84E1EA0}"
EndProject
Project("{FAE04EC0-301F-11D3-BF4B-00C04F79EFBC}") = "ExportToHtml", "Tomboy\Addins\ExportToHtml\ExportToHtml.csproj", "{88AB220D-4FB4-4875-8865-25CB6DF55EF8}"
EndProject
Project("{FAE04EC0-301F-11D3-BF4B-00C04F79EFBC}") = "FixedWidth", "Tomboy\Addins\FixedWidth\FixedWidth.csproj", "{30A75F9A-7305-465E-8754-334345424569}"
EndProject
Project("{FAE04EC0-301F-11D3-BF4B-00C04F79EFBC}") = "Backlinks", "Tomboy\Addins\Backlinks\Backlinks.csproj", "{3D330B80-87BA-435E-B3B8-E3C796FB155C}"
EndProject
Project("{FAE04EC0-301F-11D3-BF4B-00C04F79EFBC}") = "Bugzilla", "Tomboy\Addins\Bugzilla\Bugzilla.csproj", "{8543F6E2-9B1C-4BFF-B2CC-DD0198E921CC}"
EndProject
Project("{FAE04EC0-301F-11D3-BF4B-00C04F79EFBC}") = "FileSystemSyncService", "Tomboy\Addins\FileSystemSyncService\FileSystemSyncService.csproj", "{31C73629-6979-41ED-8278-A291CB12DADF}"
EndProject
Project("{FAE04EC0-301F-11D3-BF4B-00C04F79EFBC}") = "InsertTimestamp", "Tomboy\Addins\InsertTimestamp\InsertTimestamp.csproj", "{F2F2E123-EA8C-4753-9383-4C86B152F4FE}"
EndProject
Project("{FAE04EC0-301F-11D3-BF4B-00C04F79EFBC}") = "NoteDirectoryWatcher", "Tomboy\Addins\NoteDirectoryWatcher\NoteDirectoryWatcher.csproj", "{09A90939-2686-4078-8ADC-F0B1CD045568}"
EndProject
Project("{FAE04EC0-301F-11D3-BF4B-00C04F79EFBC}") = "NoteOfTheDay", "Tomboy\Addins\NoteOfTheDay\NoteOfTheDay.csproj", "{33026B26-C907-4DBB-A438-85F042578AEA}"
EndProject
Project("{FAE04EC0-301F-11D3-BF4B-00C04F79EFBC}") = "PrintNotes", "Tomboy\Addins\PrintNotes\PrintNotes.csproj", "{A13FBE2F-C5FF-4E8D-B687-4A309D3FE08F}"
EndProject
Project("{FAE04EC0-301F-11D3-BF4B-00C04F79EFBC}") = "Underline", "Tomboy\Addins\Underline\Underline.csproj", "{15A0F2C4-9BAD-11DE-B022-C19356D89593}"
EndProject
#Project("{FAE04EC0-301F-11D3-BF4B-00C04F79EFBC}") = "WebSyncService", "Tomboy\Addins\WebSyncService\WebSyncService.csproj", "{A207AD10-9C5E-495F-9DEF-E7321A6FCB8F}"
#EndProject
Project("{FAE04EC0-301F-11D3-BF4B-00C04F79EFBC}") = "RemoveBrokenLinks", "Tomboy\Addins\RemoveBrokenLinks\RemoveBrokenLinks.csproj", "{AD6C9F12-3F95-497C-AF7E-629F787A097E}"
EndProject
Project("{FAE04EC0-301F-11D3-BF4B-00C04F79EFBC}") = "AdvancedPreferences", "Tomboy\Addins\AdvancedPreferences\AdvancedPreferences.csproj", "{35C7F93C-F4D2-4FD0-B669-B02CE1EF29FD}"
EndProject
Global
	GlobalSection(SolutionConfigurationPlatforms) = preSolution
		Debug|Any CPU = Debug|Any CPU
		Release|Any CPU = Release|Any CPU
	EndGlobalSection
	GlobalSection(ProjectConfigurationPlatforms) = postSolution
		{315DBB30-1461-4A41-A23F-A888D84E1EA0}.Debug|Any CPU.ActiveCfg = Debug|Any CPU
		{315DBB30-1461-4A41-A23F-A888D84E1EA0}.Debug|Any CPU.Build.0 = Debug|Any CPU
		{315DBB30-1461-4A41-A23F-A888D84E1EA0}.Release|Any CPU.ActiveCfg = Release|Any CPU
		{315DBB30-1461-4A41-A23F-A888D84E1EA0}.Release|Any CPU.Build.0 = Release|Any CPU
		{30A75F9A-7305-465E-8754-334345424569}.Debug|Any CPU.ActiveCfg = Debug|Any CPU
		{30A75F9A-7305-465E-8754-334345424569}.Debug|Any CPU.Build.0 = Debug|Any CPU
		{30A75F9A-7305-465E-8754-334345424569}.Release|Any CPU.ActiveCfg = Release|Any CPU
		{30A75F9A-7305-465E-8754-334345424569}.Release|Any CPU.Build.0 = Release|Any CPU
		{3D330B80-87BA-435E-B3B8-E3C796FB155C}.Debug|Any CPU.ActiveCfg = Debug|Any CPU
		{3D330B80-87BA-435E-B3B8-E3C796FB155C}.Debug|Any CPU.Build.0 = Debug|Any CPU
		{3D330B80-87BA-435E-B3B8-E3C796FB155C}.Release|Any CPU.ActiveCfg = Release|Any CPU
		{3D330B80-87BA-435E-B3B8-E3C796FB155C}.Release|Any CPU.Build.0 = Release|Any CPU
		{8543F6E2-9B1C-4BFF-B2CC-DD0198E921CC}.Debug|Any CPU.ActiveCfg = Debug|Any CPU
		{8543F6E2-9B1C-4BFF-B2CC-DD0198E921CC}.Debug|Any CPU.Build.0 = Debug|Any CPU
		{8543F6E2-9B1C-4BFF-B2CC-DD0198E921CC}.Release|Any CPU.ActiveCfg = Release|Any CPU
		{8543F6E2-9B1C-4BFF-B2CC-DD0198E921CC}.Release|Any CPU.Build.0 = Release|Any CPU
		{88AB220D-4FB4-4875-8865-25CB6DF55EF8}.Debug|Any CPU.ActiveCfg = Debug|Any CPU
		{88AB220D-4FB4-4875-8865-25CB6DF55EF8}.Debug|Any CPU.Build.0 = Debug|Any CPU
		{88AB220D-4FB4-4875-8865-25CB6DF55EF8}.Release|Any CPU.ActiveCfg = Release|Any CPU
		{88AB220D-4FB4-4875-8865-25CB6DF55EF8}.Release|Any CPU.Build.0 = Release|Any CPU
		{31C73629-6979-41ED-8278-A291CB12DADF}.Debug|Any CPU.ActiveCfg = Debug|Any CPU
		{31C73629-6979-41ED-8278-A291CB12DADF}.Debug|Any CPU.Build.0 = Debug|Any CPU
		{31C73629-6979-41ED-8278-A291CB12DADF}.Release|Any CPU.ActiveCfg = Release|Any CPU
		{31C73629-6979-41ED-8278-A291CB12DADF}.Release|Any CPU.Build.0 = Release|Any CPU
		{F2F2E123-EA8C-4753-9383-4C86B152F4FE}.Debug|Any CPU.ActiveCfg = Debug|Any CPU
		{F2F2E123-EA8C-4753-9383-4C86B152F4FE}.Debug|Any CPU.Build.0 = Debug|Any CPU
		{F2F2E123-EA8C-4753-9383-4C86B152F4FE}.Release|Any CPU.ActiveCfg = Release|Any CPU
		{F2F2E123-EA8C-4753-9383-4C86B152F4FE}.Release|Any CPU.Build.0 = Release|Any CPU
		{09A90939-2686-4078-8ADC-F0B1CD045568}.Debug|Any CPU.ActiveCfg = Debug|Any CPU
		{09A90939-2686-4078-8ADC-F0B1CD045568}.Debug|Any CPU.Build.0 = Debug|Any CPU
		{09A90939-2686-4078-8ADC-F0B1CD045568}.Release|Any CPU.ActiveCfg = Release|Any CPU
		{09A90939-2686-4078-8ADC-F0B1CD045568}.Release|Any CPU.Build.0 = Release|Any CPU
		{33026B26-C907-4DBB-A438-85F042578AEA}.Debug|Any CPU.ActiveCfg = Debug|Any CPU
		{33026B26-C907-4DBB-A438-85F042578AEA}.Debug|Any CPU.Build.0 = Debug|Any CPU
		{33026B26-C907-4DBB-A438-85F042578AEA}.Release|Any CPU.ActiveCfg = Release|Any CPU
		{33026B26-C907-4DBB-A438-85F042578AEA}.Release|Any CPU.Build.0 = Release|Any CPU
		{A13FBE2F-C5FF-4E8D-B687-4A309D3FE08F}.Debug|Any CPU.ActiveCfg = Debug|Any CPU
		{A13FBE2F-C5FF-4E8D-B687-4A309D3FE08F}.Debug|Any CPU.Build.0 = Debug|Any CPU
		{A13FBE2F-C5FF-4E8D-B687-4A309D3FE08F}.Release|Any CPU.ActiveCfg = Release|Any CPU
		{A13FBE2F-C5FF-4E8D-B687-4A309D3FE08F}.Release|Any CPU.Build.0 = Release|Any CPU
		{15A0F2C4-9BAD-11DE-B022-C19356D89593}.Debug|Any CPU.ActiveCfg = Debug|Any CPU
		{15A0F2C4-9BAD-11DE-B022-C19356D89593}.Debug|Any CPU.Build.0 = Debug|Any CPU
		{15A0F2C4-9BAD-11DE-B022-C19356D89593}.Release|Any CPU.ActiveCfg = Release|Any CPU
		{15A0F2C4-9BAD-11DE-B022-C19356D89593}.Release|Any CPU.Build.0 = Release|Any CPU
		{A207AD10-9C5E-495F-9DEF-E7321A6FCB8F}.Debug|Any CPU.ActiveCfg = Debug|Any CPU
		{A207AD10-9C5E-495F-9DEF-E7321A6FCB8F}.Debug|Any CPU.Build.0 = Debug|Any CPU
		{A207AD10-9C5E-495F-9DEF-E7321A6FCB8F}.Release|Any CPU.ActiveCfg = Release|Any CPU
		{A207AD10-9C5E-495F-9DEF-E7321A6FCB8F}.Release|Any CPU.Build.0 = Release|Any CPU
		{AD6C9F12-3F95-497C-AF7E-629F787A097E}.Debug|Any CPU.ActiveCfg = Debug|Any CPU
		{AD6C9F12-3F95-497C-AF7E-629F787A097E}.Debug|Any CPU.Build.0 = Debug|Any CPU
		{AD6C9F12-3F95-497C-AF7E-629F787A097E}.Release|Any CPU.ActiveCfg = Release|Any CPU
		{AD6C9F12-3F95-497C-AF7E-629F787A097E}.Release|Any CPU.Build.0 = Release|Any CPU
		{35C7F93C-F4D2-4FD0-B669-B02CE1EF29FD}.Debug|Any CPU.ActiveCfg = Debug|x86
		{35C7F93C-F4D2-4FD0-B669-B02CE1EF29FD}.Debug|Any CPU.Build.0 = Debug|x86
		{35C7F93C-F4D2-4FD0-B669-B02CE1EF29FD}.Release|Any CPU.ActiveCfg = Release|x86
		{35C7F93C-F4D2-4FD0-B669-B02CE1EF29FD}.Release|Any CPU.Build.0 = Release|x86
	EndGlobalSection
	GlobalSection(SolutionProperties) = preSolution
		HideSolutionNode = FALSE
	EndGlobalSection
	GlobalSection(MonoDevelopProperties) = preSolution
		name = Tomboy
		StartupItem = Tomboy-linux.csproj
		MakePkgConfig = False
		MakeLibPC = True
	EndGlobalSection
EndGlobal
